Microsoft Visual Studio Solution File, Format Version 11.00
# Visual Studio 2008

Project("{9464C379-8239-E316-3790-36767F0FF7D1}") = "ceshi1", "Assembly-CSharp-Editor.csproj", "{FCC2BE4D-718E-F3A3-C921-FC54DF9CAEE4}"
EndProject
Global
	GlobalSection(SolutionConfigurationPlatforms) = preSolution
		Debug|Any CPU = Debug|Any CPU
		Release|Any CPU = Release|Any CPU
	EndGlobalSection
	GlobalSection(ProjectConfigurationPlatforms) = postSolution
		{FCC2BE4D-718E-F3A3-C921-FC54DF9CAEE4}.Debug|Any CPU.ActiveCfg = Debug|Any CPU
		{FCC2BE4D-718E-F3A3-C921-FC54DF9CAEE4}.Debug|Any CPU.Build.0 = Debug|Any CPU
		{FCC2BE4D-718E-F3A3-C921-FC54DF9CAEE4}.Release|Any CPU.ActiveCfg = Release|Any CPU
		{FCC2BE4D-718E-F3A3-C921-FC54DF9CAEE4}.Release|Any CPU.Build.0 = Release|Any CPU
	EndGlobalSection
	GlobalSection(SolutionProperties) = preSolution
		HideSolutionNode = FALSE
	EndGlobalSection
	GlobalSection(MonoDevelopProperties) = preSolution
		StartupItem = Assembly-CSharp.csproj
	EndGlobalSection
EndGlobal
